{
  "name": "@shopify/tinymce",
  "version": "4.5.5-shopify4",
  "lockfileVersion": 1,
  "requires": true,
  "dependencies": {
    "@types/jquery": {
      "version": "3.2.12",
      "resolved": "https://registry.npmjs.org/@types/jquery/-/jquery-3.2.12.tgz",
      "integrity": "sha512-xZzTbUju6AYFE/088UcH2+dB7yTLHlujDju9pfncD1WLl2LWa6Mn+WzKjFfhn8YA+he53j5K0Rfdw89BN0kDug=="
    },
    "@types/tinymce": {
      "version": "4.5.15",
      "resolved": "https://registry.npmjs.org/@types/tinymce/-/tinymce-4.5.15.tgz",
      "integrity": "sha512-Jjxbbd6ZFlZflqq4IftdcZkTxHIdfBpZqpJvaWjMJrikoq+ONSIhDAjQVu6AWQ7mKqW1Xid7akWoTYapBQPNOg==",
      "requires": {
        "@types/jquery": "3.2.12"
      }
    }
  }
}
